<?xml version="1.0" encoding="utf-8"?>
<Project ToolsVersion="4.0" xmlns="http://schemas.microsoft.com/developer/msbuild/2003">
  <ItemGroup>
    <Filter Include="Main">
      <UniqueIdentifier>{d344156e-0985-4089-9b74-0c73014126d2}</UniqueIdentifier>
    </Filter>
    <Filter Include="Utils">
      <UniqueIdentifier>{c88d8cf7-305f-43da-a51e-6f84eabbd922}</UniqueIdentifier>
    </Filter>
    <Filter Include="Window">
      <UniqueIdentifier>{422dfce9-13ee-462f-b313-bd2561ed01e7}</UniqueIdentifier>
    </Filter>
    <Filter Include="Protocol">
      <UniqueIdentifier>{69e1412f-f42a-40c2-ae7d-a827e1e4e7f7}</UniqueIdentifier>
    </Filter>
  </ItemGroup>
  <ItemGroup>
    <ClCompile Include="Client.cpp">
      <Filter>Main</Filter>
    </ClCompile>
    <ClCompile Include="pch.cpp">
      <Filter>Utils</Filter>
    </ClCompile>
    <ClCompile Include="ClientManager.cpp">
      <Filter>Main</Filter>
    </ClCompile>
    <ClCompile Include="ClientSession.cpp">
      <Filter>Main</Filter>
    </ClCompile>
    <ClCompile Include="PacketHandler.cpp">
      <Filter>Main</Filter>
    </ClCompile>
    <ClCompile Include="ChatWindow.cpp">
      <Filter>Window</Filter>
    </ClCompile>
    <ClCompile Include="LoginWindow.cpp">
      <Filter>Window</Filter>
    </ClCompile>
    <ClCompile Include="LobbyWindow.cpp">
      <Filter>Window</Filter>
    </ClCompile>
    <ClCompile Include="WinUtils.cpp">
      <Filter>Utils</Filter>
    </ClCompile>
    <ClCompile Include="..\GameServer\Protocol.pb.cc">
      <Filter>Protocol</Filter>
    </ClCompile>
  </ItemGroup>
  <ItemGroup>
    <ClInclude Include="pch.h">
      <Filter>Utils</Filter>
    </ClInclude>
    <ClInclude Include="ClientManager.h">
      <Filter>Main</Filter>
    </ClInclude>
    <ClInclude Include="ClientSession.h">
      <Filter>Main</Filter>
    </ClInclude>
    <ClInclude Include="PacketHandler.h">
      <Filter>Main</Filter>
    </ClInclude>
    <ClInclude Include="ChatWindow.h">
      <Filter>Window</Filter>
    </ClInclude>
    <ClInclude Include="LoginWindow.h">
      <Filter>Window</Filter>
    </ClInclude>
    <ClInclude Include="LobbyWindow.h">
      <Filter>Window</Filter>
    </ClInclude>
    <ClInclude Include="WinUtils.h">
      <Filter>Utils</Filter>
    </ClInclude>
    <ClInclude Include="..\GameServer\Protocol.pb.h">
      <Filter>Protocol</Filter>
    </ClInclude>
  </ItemGroup>
</Project>