
Microsoft Visual Studio Solution File, Format Version 12.00
# Visual Studio Version 17
VisualStudioVersion = 17.7.34202.233
MinimumVisualStudioVersion = 10.0.40219.1
Project("{8BC9CEB8-8B4A-11D0-8D11-00A0C91BC942}") = "GameServer", "GameServer\GameServer.vcxproj", "{F7DA4CAC-91E7-42FA-8EFE-496DC7A8FCC5}"
	ProjectSection(ProjectDependencies) = postProject
		{E3DE6819-9777-42E5-A2A3-A650A9DC4F3F} = {E3DE6819-9777-42E5-A2A3-A650A9DC4F3F}
	EndProjectSection
EndProject
Project("{8BC9CEB8-8B4A-11D0-8D11-00A0C91BC942}") = "Client", "Client\Client.vcxproj", "{EAB89416-9C67-4BFE-AEAB-3385C3C2088F}"
EndProject
Project("{8BC9CEB8-8B4A-11D0-8D11-00A0C91BC942}") = "ServerCore", "ServerCore\ServerCore.vcxproj", "{E3DE6819-9777-42E5-A2A3-A650A9DC4F3F}"
EndProject
Project("{2150E333-8FDC-42A3-9474-1A3956D46DE8}") = "Tools", "Tools", "{1952C834-C7BB-4930-AD32-53FB8C7E333C}"
EndProject
Project("{888888A0-9F3D-457C-B088-3A5042F75D52}") = "PacketGenerator", "Tools\PacketGenerator\PacketGenerator.pyproj", "{715FE9D5-4852-42C5-A0C1-AEDFBC5AF571}"
EndProject
Global
	GlobalSection(SolutionConfigurationPlatforms) = preSolution
		Debug|Any CPU = Debug|Any CPU
		Debug|x64 = Debug|x64
		Debug|x86 = Debug|x86
		Release|Any CPU = Release|Any CPU
		Release|x64 = Release|x64
		Release|x86 = Release|x86
	EndGlobalSection
	GlobalSection(ProjectConfigurationPlatforms) = postSolution
		{F7DA4CAC-91E7-42FA-8EFE-496DC7A8FCC5}.Debug|Any CPU.ActiveCfg = Debug|x64
		{F7DA4CAC-91E7-42FA-8EFE-496DC7A8FCC5}.Debug|Any CPU.Build.0 = Debug|x64
		{F7DA4CAC-91E7-42FA-8EFE-496DC7A8FCC5}.Debug|x64.ActiveCfg = Debug|x64
		{F7DA4CAC-91E7-42FA-8EFE-496DC7A8FCC5}.Debug|x64.Build.0 = Debug|x64
		{F7DA4CAC-91E7-42FA-8EFE-496DC7A8FCC5}.Debug|x86.ActiveCfg = Debug|Win32
		{F7DA4CAC-91E7-42FA-8EFE-496DC7A8FCC5}.Debug|x86.Build.0 = Debug|Win32
		{F7DA4CAC-91E7-42FA-8EFE-496DC7A8FCC5}.Release|Any CPU.ActiveCfg = Release|x64
		{F7DA4CAC-91E7-42FA-8EFE-496DC7A8FCC5}.Release|Any CPU.Build.0 = Release|x64
		{F7DA4CAC-91E7-42FA-8EFE-496DC7A8FCC5}.Release|x64.ActiveCfg = Release|x64
		{F7DA4CAC-91E7-42FA-8EFE-496DC7A8FCC5}.Release|x64.Build.0 = Release|x64
		{F7DA4CAC-91E7-42FA-8EFE-496DC7A8FCC5}.Release|x86.ActiveCfg = Release|Win32
		{F7DA4CAC-91E7-42FA-8EFE-496DC7A8FCC5}.Release|x86.Build.0 = Release|Win32
		{EAB89416-9C67-4BFE-AEAB-3385C3C2088F}.Debug|Any CPU.ActiveCfg = Debug|x64
		{EAB89416-9C67-4BFE-AEAB-3385C3C2088F}.Debug|Any CPU.Build.0 = Debug|x64
		{EAB89416-9C67-4BFE-AEAB-3385C3C2088F}.Debug|x64.ActiveCfg = Debug|x64
		{EAB89416-9C67-4BFE-AEAB-3385C3C2088F}.Debug|x64.Build.0 = Debug|x64
		{EAB89416-9C67-4BFE-AEAB-3385C3C2088F}.Debug|x86.ActiveCfg = Debug|Win32
		{EAB89416-9C67-4BFE-AEAB-3385C3C2088F}.Debug|x86.Build.0 = Debug|Win32
		{EAB89416-9C67-4BFE-AEAB-3385C3C2088F}.Release|Any CPU.ActiveCfg = Release|x64
		{EAB89416-9C67-4BFE-AEAB-3385C3C2088F}.Release|Any CPU.Build.0 = Release|x64
		{EAB89416-9C67-4BFE-AEAB-3385C3C2088F}.Release|x64.ActiveCfg = Release|x64
		{EAB89416-9C67-4BFE-AEAB-3385C3C2088F}.Release|x64.Build.0 = Release|x64
		{EAB89416-9C67-4BFE-AEAB-3385C3C2088F}.Release|x86.ActiveCfg = Release|Win32
		{EAB89416-9C67-4BFE-AEAB-3385C3C2088F}.Release|x86.Build.0 = Release|Win32
		{E3DE6819-9777-42E5-A2A3-A650A9DC4F3F}.Debug|Any CPU.ActiveCfg = Debug|x64
		{E3DE6819-9777-42E5-A2A3-A650A9DC4F3F}.Debug|Any CPU.Build.0 = Debug|x64
		{E3DE6819-9777-42E5-A2A3-A650A9DC4F3F}.Debug|x64.ActiveCfg = Debug|x64
		{E3DE6819-9777-42E5-A2A3-A650A9DC4F3F}.Debug|x64.Build.0 = Debug|x64
		{E3DE6819-9777-42E5-A2A3-A650A9DC4F3F}.Debug|x86.ActiveCfg = Debug|Win32
		{E3DE6819-9777-42E5-A2A3-A650A9DC4F3F}.Debug|x86.Build.0 = Debug|Win32
		{E3DE6819-9777-42E5-A2A3-A650A9DC4F3F}.Release|Any CPU.ActiveCfg = Release|x64
		{E3DE6819-9777-42E5-A2A3-A650A9DC4F3F}.Release|Any CPU.Build.0 = Release|x64
		{E3DE6819-9777-42E5-A2A3-A650A9DC4F3F}.Release|x64.ActiveCfg = Release|x64
		{E3DE6819-9777-42E5-A2A3-A650A9DC4F3F}.Release|x64.Build.0 = Release|x64
		{E3DE6819-9777-42E5-A2A3-A650A9DC4F3F}.Release|x86.ActiveCfg = Release|Win32
		{E3DE6819-9777-42E5-A2A3-A650A9DC4F3F}.Release|x86.Build.0 = Release|Win32
		{715FE9D5-4852-42C5-A0C1-AEDFBC5AF571}.Debug|Any CPU.ActiveCfg = Debug|Any CPU
		{715FE9D5-4852-42C5-A0C1-AEDFBC5AF571}.Debug|x64.ActiveCfg = Debug|Any CPU
		{715FE9D5-4852-42C5-A0C1-AEDFBC5AF571}.Debug|x86.ActiveCfg = Debug|Any CPU
		{715FE9D5-4852-42C5-A0C1-AEDFBC5AF571}.Release|Any CPU.ActiveCfg = Release|Any CPU
		{715FE9D5-4852-42C5-A0C1-AEDFBC5AF571}.Release|x64.ActiveCfg = Release|Any CPU
		{715FE9D5-4852-42C5-A0C1-AEDFBC5AF571}.Release|x86.ActiveCfg = Release|Any CPU
	EndGlobalSection
	GlobalSection(SolutionProperties) = preSolution
		HideSolutionNode = FALSE
	EndGlobalSection
	GlobalSection(NestedProjects) = preSolution
		{715FE9D5-4852-42C5-A0C1-AEDFBC5AF571} = {1952C834-C7BB-4930-AD32-53FB8C7E333C}
	EndGlobalSection
	GlobalSection(ExtensibilityGlobals) = postSolution
		SolutionGuid = {2F6C5A7D-FFC0-493F-B166-4BBC321BB7D1}
	EndGlobalSection
EndGlobal
