<?xml version="1.0" encoding="utf-8"?>
<Project ToolsVersion="4.0" xmlns="http://schemas.microsoft.com/developer/msbuild/2003">
  <ItemGroup>
    <Filter Include="Main">
      <UniqueIdentifier>{233fa63e-2445-4c19-9708-f702acc5e4f3}</UniqueIdentifier>
    </Filter>
    <Filter Include="Utils">
      <UniqueIdentifier>{6cf3f61d-0cfe-44ac-a20d-0ab6c6b6cec7}</UniqueIdentifier>
    </Filter>
    <Filter Include="Contents">
      <UniqueIdentifier>{3175982d-5d91-47ff-b3d3-97c2b681a9ee}</UniqueIdentifier>
    </Filter>
    <Filter Include="Contents\Manager">
      <UniqueIdentifier>{32ce916f-9b1a-48f8-a9df-f4edbbdba760}</UniqueIdentifier>
    </Filter>
  </ItemGroup>
  <ItemGroup>
    <ClCompile Include="GameServer.cpp">
      <Filter>Main</Filter>
    </ClCompile>
    <ClCompile Include="pch.cpp">
      <Filter>Utils</Filter>
    </ClCompile>
    <ClCompile Include="GameSession.cpp">
      <Filter>Main</Filter>
    </ClCompile>
    <ClCompile Include="PacketHandler.cpp">
      <Filter>Main</Filter>
    </ClCompile>
    <ClCompile Include="ChatRoom.cpp">
      <Filter>Contents</Filter>
    </ClCompile>
    <ClCompile Include="Player.cpp">
      <Filter>Contents</Filter>
    </ClCompile>
    <ClCompile Include="ChatRoomManager.cpp">
      <Filter>Contents\Manager</Filter>
    </ClCompile>
  </ItemGroup>
  <ItemGroup>
    <ClInclude Include="pch.h">
      <Filter>Utils</Filter>
    </ClInclude>
    <ClInclude Include="GameSession.h">
      <Filter>Main</Filter>
    </ClInclude>
    <ClInclude Include="PacketHandler.h">
      <Filter>Main</Filter>
    </ClInclude>
    <ClInclude Include="ChatRoom.h">
      <Filter>Contents</Filter>
    </ClInclude>
    <ClInclude Include="Player.h">
      <Filter>Contents</Filter>
    </ClInclude>
    <ClInclude Include="enum.h" />
    <ClInclude Include="ChatRoomManager.h">
      <Filter>Contents\Manager</Filter>
    </ClInclude>
  </ItemGroup>
</Project>