<?xml version="1.0" encoding="utf-8"?>
<Project ToolsVersion="4.0" xmlns="http://schemas.microsoft.com/developer/msbuild/2003">
  <ItemGroup>
    <Filter Include="Network">
      <UniqueIdentifier>{8fd9443f-7cc1-4dc8-845e-6b57905786ec}</UniqueIdentifier>
    </Filter>
    <Filter Include="Utils">
      <UniqueIdentifier>{9641181d-229a-4d26-8c74-1bf88871c995}</UniqueIdentifier>
    </Filter>
    <Filter Include="Memory">
      <UniqueIdentifier>{39ad9b26-84f9-4a0e-a55a-e6d580183e8d}</UniqueIdentifier>
    </Filter>
  </ItemGroup>
  <ItemGroup>
    <ClInclude Include="pch.h">
      <Filter>Utils</Filter>
    </ClInclude>
    <ClInclude Include="CorePch.h">
      <Filter>Utils</Filter>
    </ClInclude>
    <ClInclude Include="Types.h">
      <Filter>Utils</Filter>
    </ClInclude>
    <ClInclude Include="AsioSession.h">
      <Filter>Network</Filter>
    </ClInclude>
    <ClInclude Include="AsioIoContext.h">
      <Filter>Network</Filter>
    </ClInclude>
    <ClInclude Include="AsioService.h">
      <Filter>Network</Filter>
    </ClInclude>
    <ClInclude Include="AsioAcceptor.h">
      <Filter>Network</Filter>
    </ClInclude>
    <ClInclude Include="PacketBuffer.h">
      <Filter>Network</Filter>
    </ClInclude>
    <ClInclude Include="MemoryPool.h">
      <Filter>Memory</Filter>
    </ClInclude>
    <ClInclude Include="MemoryPoolManager.h">
      <Filter>Memory</Filter>
    </ClInclude>
    <ClInclude Include="MyLogger.h">
      <Filter>Utils</Filter>
    </ClInclude>
    <ClInclude Include="TaskQueue.h">
      <Filter>Network</Filter>
    </ClInclude>
    <ClInclude Include="SocketUtil.h">
      <Filter>Network</Filter>
    </ClInclude>
  </ItemGroup>
  <ItemGroup>
    <ClCompile Include="pch.cpp">
      <Filter>Utils</Filter>
    </ClCompile>
    <ClCompile Include="CorePch.cpp">
      <Filter>Utils</Filter>
    </ClCompile>
    <ClCompile Include="AsioSession.cpp">
      <Filter>Network</Filter>
    </ClCompile>
    <ClCompile Include="AsioIoContext.cpp">
      <Filter>Network</Filter>
    </ClCompile>
    <ClCompile Include="AsioService.cpp">
      <Filter>Network</Filter>
    </ClCompile>
    <ClCompile Include="AsioAcceptor.cpp">
      <Filter>Network</Filter>
    </ClCompile>
    <ClCompile Include="PacketBuffer.cpp">
      <Filter>Network</Filter>
    </ClCompile>
    <ClCompile Include="MemoryPool.cpp">
      <Filter>Memory</Filter>
    </ClCompile>
    <ClCompile Include="MemoryPoolManager.cpp">
      <Filter>Memory</Filter>
    </ClCompile>
    <ClCompile Include="MyLogger.cpp">
      <Filter>Utils</Filter>
    </ClCompile>
    <ClCompile Include="TaskQueue.cpp">
      <Filter>Network</Filter>
    </ClCompile>
    <ClCompile Include="SocketUtil.cpp">
      <Filter>Network</Filter>
    </ClCompile>
  </ItemGroup>
</Project>